// !$*UTF8*$!
{
	archiveVersion = 1;
	classes = {
	};
	objectVersion = 50;
	objects = {

/* Begin PBXBuildFile section */
		3701C57922CCC53C005573EE /* AppDelegate.swift in Sources */ = {isa = PBXBuildFile; fileRef = 3701C57822CCC53C005573EE /* AppDelegate.swift */; };
		3701C57B22CCC53C005573EE /* ViewController.swift in Sources */ = {isa = PBXBuildFile; fileRef = 3701C57A22CCC53C005573EE /* ViewController.swift */; };
		3701C57E22CCC53C005573EE /* Main.storyboard in Resources */ = {isa = PBXBuildFile; fileRef = 3701C57C22CCC53C005573EE /* Main.storyboard */; };
		3701C58022CCC53E005573EE /* Assets.xcassets in Resources */ = {isa = PBXBuildFile; fileRef = 3701C57F22CCC53E005573EE /* Assets.xcassets */; };
		3701C58322CCC53E005573EE /* LaunchScreen.storyboard in Resources */ = {isa = PBXBuildFile; fileRef = 3701C58122CCC53E005573EE /* LaunchScreen.storyboard */; };
		3701C58B22CCDDD4005573EE /* dolphin-Illust.png.zip in Resources */ = {isa = PBXBuildFile; fileRef = 3701C58A22CCDDD4005573EE /* dolphin-Illust.png.zip */; };
		3701C58D22CCDF45005573EE /* dolphin-Illust.png in Resources */ = {isa = PBXBuildFile; fileRef = 3701C58C22CCDF45005573EE /* dolphin-Illust.png */; };
		3701C58F22CCE101005573EE /* Unknown.png in Resources */ = {isa = PBXBuildFile; fileRef = 3701C58E22CCE101005573EE /* Unknown.png */; };
		3701C59122CCE154005573EE /* Unknown-2.jpeg in Resources */ = {isa = PBXBuildFile; fileRef = 3701C59022CCE153005573EE /* Unknown-2.jpeg */; };
		3701C59322CE1BED005573EE /* ResultViewController.swift in Sources */ = {isa = PBXBuildFile; fileRef = 3701C59222CE1BED005573EE /* ResultViewController.swift */; };
/* End PBXBuildFile section */

/* Begin PBXFileReference section */
		3701C57522CCC53C005573EE /* SlideshowApp.app */ = {isa = PBXFileReference; explicitFileType = wrapper.application; includeInIndex = 0; path = SlideshowApp.app; sourceTree = BUILT_PRODUCTS_DIR; };
		3701C57822CCC53C005573EE /* AppDelegate.swift */ = {isa = PBXFileReference; lastKnownFileType = sourcecode.swift; path = AppDelegate.swift; sourceTree = "<group>"; };
		3701C57A22CCC53C005573EE /* ViewController.swift */ = {isa = PBXFileReference; lastKnownFileType = sourcecode.swift; path = ViewController.swift; sourceTree = "<group>"; };
		3701C57D22CCC53C005573EE /* Base */ = {isa = PBXFileReference; lastKnownFileType = file.storyboard; name = Base; path = Base.lproj/Main.storyboard; sourceTree = "<group>"; };
		3701C57F22CCC53E005573EE /* Assets.xcassets */ = {isa = PBXFileReference; lastKnownFileType = folder.assetcatalog; path = Assets.xcassets; sourceTree = "<group>"; };
		3701C58222CCC53E005573EE /* Base */ = {isa = PBXFileReference; lastKnownFileType = file.storyboard; name = Base; path = Base.lproj/LaunchScreen.storyboard; sourceTree = "<group>"; };
		3701C58422CCC53E005573EE /* Info.plist */ = {isa = PBXFileReference; lastKnownFileType = text.plist.xml; path = Info.plist; sourceTree = "<group>"; };
		3701C58A22CCDDD4005573EE /* dolphin-Illust.png.zip */ = {isa = PBXFileReference; lastKnownFileType = archive.zip; path = "dolphin-Illust.png.zip"; sourceTree = "<group>"; };
		3701C58C22CCDF45005573EE /* dolphin-Illust.png */ = {isa = PBXFileReference; lastKnownFileType = image.png; path = "dolphin-Illust.png"; sourceTree = "<group>"; };
		3701C58E22CCE101005573EE /* Unknown.png */ = {isa = PBXFileReference; lastKnownFileType = image.png; path = Unknown.png; sourceTree = "<group>"; };
		3701C59022CCE153005573EE /* Unknown-2.jpeg */ = {isa = PBXFileReference; lastKnownFileType = image.jpeg; path = "Unknown-2.jpeg"; sourceTree = "<group>"; };
		3701C59222CE1BED005573EE /* ResultViewController.swift */ = {isa = PBXFileReference; lastKnownFileType = sourcecode.swift; path = ResultViewController.swift; sourceTree = "<group>"; };
/* End PBXFileReference section */

/* Begin PBXFrameworksBuildPhase section */
		3701C57222CCC53C005573EE /* Frameworks */ = {
			isa = PBXFrameworksBuildPhase;
			buildActionMask = 2147483647;
			files = (
			);
			runOnlyForDeploymentPostprocessing = 0;
		};
/* End PBXFrameworksBuildPhase section */

/* Begin PBXGroup section */
		3701C56C22CCC53C005573EE = {
			isa = PBXGroup;
			children = (
				3701C57722CCC53C005573EE /* SlideshowApp */,
				3701C57622CCC53C005573EE /* Products */,
			);
			sourceTree = "<group>";
		};
		3701C57622CCC53C005573EE /* Products */ = {
			isa = PBXGroup;
			children = (
				3701C57522CCC53C005573EE /* SlideshowApp.app */,
			);
			name = Products;
			sourceTree = "<group>";
		};
		3701C57722CCC53C005573EE /* SlideshowApp */ = {
			isa = PBXGroup;
			children = (
				3701C58A22CCDDD4005573EE /* dolphin-Illust.png.zip */,
				3701C58C22CCDF45005573EE /* dolphin-Illust.png */,
				3701C59022CCE153005573EE /* Unknown-2.jpeg */,
				3701C58E22CCE101005573EE /* Unknown.png */,
				3701C57822CCC53C005573EE /* AppDelegate.swift */,
				3701C57A22CCC53C005573EE /* ViewController.swift */,
				3701C57C22CCC53C005573EE /* Main.storyboard */,
				3701C57F22CCC53E005573EE /* Assets.xcassets */,
				3701C58122CCC53E005573EE /* LaunchScreen.storyboard */,
				3701C58422CCC53E005573EE /* Info.plist */,
				3701C59222CE1BED005573EE /* ResultViewController.swift */,
			);
			path = SlideshowApp;
			sourceTree = "<group>";
		};
/* End PBXGroup section */

/* Begin PBXNativeTarget section */
		3701C57422CCC53C005573EE /* SlideshowApp */ = {
			isa = PBXNativeTarget;
			buildConfigurationList = 3701C58722CCC53E005573EE /* Build configuration list for PBXNativeTarget "SlideshowApp" */;
			buildPhases = (
				3701C57122CCC53C005573EE /* Sources */,
				3701C57222CCC53C005573EE /* Frameworks */,
				3701C57322CCC53C005573EE /* Resources */,
			);
			buildRules = (
			);
			dependencies = (
			);
			name = SlideshowApp;
			productName = SlideshowApp;
			productReference = 3701C57522CCC53C005573EE /* SlideshowApp.app */;
			productType = "com.apple.product-type.application";
		};
/* End PBXNativeTarget section */

/* Begin PBXProject section */
		3701C56D22CCC53C005573EE /* Project object */ = {
			isa = PBXProject;
			attributes = {
				LastSwiftUpdateCheck = 1020;
				LastUpgradeCheck = 1020;
				ORGANIZATIONNAME = "Yotaro Aranami";
				TargetAttributes = {
					3701C57422CCC53C005573EE = {
						CreatedOnToolsVersion = 10.2.1;
					};
				};
			};
			buildConfigurationList = 3701C57022CCC53C005573EE /* Build configuration list for PBXProject "SlideshowApp" */;
			compatibilityVersion = "Xcode 9.3";
			developmentRegion = en;
			hasScannedForEncodings = 0;
			knownRegions = (
				en,
				Base,
			);
			mainGroup = 3701C56C22CCC53C005573EE;
			productRefGroup = 3701C57622CCC53C005573EE /* Products */;
			projectDirPath = "";
			projectRoot = "";
			targets = (
				3701C57422CCC53C005573EE /* SlideshowApp */,
			);
		};
/* End PBXProject section */

/* Begin PBXResourcesBuildPhase section */
		3701C57322CCC53C005573EE /* Resources */ = {
			isa = PBXResourcesBuildPhase;
			buildActionMask = 2147483647;
			files = (
				3701C58322CCC53E005573EE /* LaunchScreen.storyboard in Resources */,
				3701C59122CCE154005573EE /* Unknown-2.jpeg in Resources */,
				3701C58022CCC53E005573EE /* Assets.xcassets in Resources */,
				3701C58F22CCE101005573EE /* Unknown.png in Resources */,
				3701C58B22CCDDD4005573EE /* dolphin-Illust.png.zip in Resources */,
				3701C57E22CCC53C005573EE /* Main.storyboard in Resources */,
				3701C58D22CCDF45005573EE /* dolphin-Illust.png in Resources */,
			);
			runOnlyForDeploymentPostprocessing = 0;
		};
/* End PBXResourcesBuildPhase section */

/* Begin PBXSourcesBuildPhase section */
		3701C57122CCC53C005573EE /* Sources */ = {
			isa = PBXSourcesBuildPhase;
			buildActionMask = 2147483647;
			files = (
				3701C57B22CCC53C005573EE /* ViewController.swift in Sources */,
				3701C57922CCC53C005573EE /* AppDelegate.swift in Sources */,
				3701C59322CE1BED005573EE /* ResultViewController.swift in Sources */,
			);
			runOnlyForDeploymentPostprocessing = 0;
		};
/* End PBXSourcesBuildPhase section */

/* Begin PBXVariantGroup section */
		3701C57C22CCC53C005573EE /* Main.storyboard */ = {
			isa = PBXVariantGroup;
			children = (
				3701C57D22CCC53C005573EE /* Base */,
			);
			name = Main.storyboard;
			sourceTree = "<group>";
		};
		3701C58122CCC53E005573EE /* LaunchScreen.storyboard */ = {
			isa = PBXVariantGroup;
			children = (
				3701C58222CCC53E005573EE /* Base */,
			);
			name = LaunchScreen.storyboard;
			sourceTree = "<group>";
		};
/* End PBXVariantGroup section */

/* Begin XCBuildConfiguration section */
		3701C58522CCC53E005573EE /* Debug */ = {
			isa = XCBuildConfiguration;
			buildSettings = {
				ALWAYS_SEARCH_USER_PATHS = NO;
				CLANG_ANALYZER_NONNULL = YES;
				CLANG_ANALYZER_NUMBER_OBJECT_CONVERSION = YES_AGGRESSIVE;
				CLANG_CXX_LANGUAGE_STANDARD = "gnu++14";
				CLANG_CXX_LIBRARY = "libc++";
				CLANG_ENABLE_MODULES = YES;
				CLANG_ENABLE_OBJC_ARC = YES;
				CLANG_ENABLE_OBJC_WEAK = YES;
				CLANG_WARN_BLOCK_CAPTURE_AUTORELEASING = YES;
				CLANG_WARN_BOOL_CONVERSION = YES;
				CLANG_WARN_COMMA = YES;
				CLANG_WARN_CONSTANT_CONVERSION = YES;
				CLANG_WARN_DEPRECATED_OBJC_IMPLEMENTATIONS = YES;
				CLANG_WARN_DIRECT_OBJC_ISA_USAGE = YES_ERROR;
				CLANG_WARN_DOCUMENTATION_COMMENTS = YES;
				CLANG_WARN_EMPTY_BODY = YES;
				CLANG_WARN_ENUM_CONVERSION = YES;
				CLANG_WARN_INFINITE_RECURSION = YES;
				CLANG_WARN_INT_CONVERSION = YES;
				CLANG_WARN_NON_LITERAL_NULL_CONVERSION = YES;
				CLANG_WARN_OBJC_IMPLICIT_RETAIN_SELF = YES;
				CLANG_WARN_OBJC_LITERAL_CONVERSION = YES;
				CLANG_WARN_OBJC_ROOT_CLASS = YES_ERROR;
				CLANG_WARN_RANGE_LOOP_ANALYSIS = YES;
				CLANG_WARN_STRICT_PROTOTYPES = YES;
				CLANG_WARN_SUSPICIOUS_MOVE = YES;
				CLANG_WARN_UNGUARDED_AVAILABILITY = YES_AGGRESSIVE;
				CLANG_WARN_UNREACHABLE_CODE = YES;
				CLANG_WARN__DUPLICATE_METHOD_MATCH = YES;
				CODE_SIGN_IDENTITY = "iPhone Developer";
				COPY_PHASE_STRIP = NO;
				DEBUG_INFORMATION_FORMAT = dwarf;
				ENABLE_STRICT_OBJC_MSGSEND = YES;
				ENABLE_TESTABILITY = YES;
				GCC_C_LANGUAGE_STANDARD = gnu11;
				GCC_DYNAMIC_NO_PIC = NO;
				GCC_NO_COMMON_BLOCKS = YES;
				GCC_OPTIMIZATION_LEVEL = 0;
				GCC_PREPROCESSOR_DEFINITIONS = (
					"DEBUG=1",
					"$(inherited)",
				);
				GCC_WARN_64_TO_32_BIT_CONVERSION = YES;
				GCC_WARN_ABOUT_RETURN_TYPE = YES_ERROR;
				GCC_WARN_UNDECLARED_SELECTOR = YES;
				GCC_WARN_UNINITIALIZED_AUTOS = YES_AGGRESSIVE;
				GCC_WARN_UNUSED_FUNCTION = YES;
				GCC_WARN_UNUSED_VARIABLE = YES;
				IPHONEOS_DEPLOYMENT_TARGET = 12.2;
				MTL_ENABLE_DEBUG_INFO = INCLUDE_SOURCE;
				MTL_FAST_MATH = YES;
				ONLY_ACTIVE_ARCH = YES;
				SDKROOT = iphoneos;
				SWIFT_ACTIVE_COMPILATION_CONDITIONS = DEBUG;
				SWIFT_OPTIMIZATION_LEVEL = "-Onone";
			};
			name = Debug;
		};
		3701C58622CCC53E005573EE /* Release */ = {
			isa = XCBuildConfiguration;
			buildSettings = {
				ALWAYS_SEARCH_USER_PATHS = NO;
				CLANG_ANALYZER_NONNULL = YES;
				CLANG_ANALYZER_NUMBER_OBJECT_CONVERSION = YES_AGGRESSIVE;
				CLANG_CXX_LANGUAGE_STANDARD = "gnu++14";
				CLANG_CXX_LIBRARY = "libc++";
				CLANG_ENABLE_MODULES = YES;
				CLANG_ENABLE_OBJC_ARC = YES;
				CLANG_ENABLE_OBJC_WEAK = YES;
				CLANG_WARN_BLOCK_CAPTURE_AUTORELEASING = YES;
				CLANG_WARN_BOOL_CONVERSION = YES;
				CLANG_WARN_COMMA = YES;
				CLANG_WARN_CONSTANT_CONVERSION = YES;
				CLANG_WARN_DEPRECATED_OBJC_IMPLEMENTATIONS = YES;
				CLANG_WARN_DIRECT_OBJC_ISA_USAGE = YES_ERROR;
				CLANG_WARN_DOCUMENTATION_COMMENTS = YES;
				CLANG_WARN_EMPTY_BODY = YES;
				CLANG_WARN_ENUM_CONVERSION = YES;
				CLANG_WARN_INFINITE_RECURSION = YES;
				CLANG_WARN_INT_CONVERSION = YES;
				CLANG_WARN_NON_LITERAL_NULL_CONVERSION = YES;
				CLANG_WARN_OBJC_IMPLICIT_RETAIN_SELF = YES;
				CLANG_WARN_OBJC_LITERAL_CONVERSION = YES;
				CLANG_WARN_OBJC_ROOT_CLASS = YES_ERROR;
				CLANG_WARN_RANGE_LOOP_ANALYSIS = YES;
				CLANG_WARN_STRICT_PROTOTYPES = YES;
				CLANG_WARN_SUSPICIOUS_MOVE = YES;
				CLANG_WARN_UNGUARDED_AVAILABILITY = YES_AGGRESSIVE;
				CLANG_WARN_UNREACHABLE_CODE = YES;
				CLANG_WARN__DUPLICATE_METHOD_MATCH = YES;
				CODE_SIGN_IDENTITY = "iPhone Developer";
				COPY_PHASE_STRIP = NO;
				DEBUG_INFORMATION_FORMAT = "dwarf-with-dsym";
				ENABLE_NS_ASSERTIONS = NO;
				ENABLE_STRICT_OBJC_MSGSEND = YES;
				GCC_C_LANGUAGE_STANDARD = gnu11;
				GCC_NO_COMMON_BLOCKS = YES;
				GCC_WARN_64_TO_32_BIT_CONVERSION = YES;
				GCC_WARN_ABOUT_RETURN_TYPE = YES_ERROR;
				GCC_WARN_UNDECLARED_SELECTOR = YES;
				GCC_WARN_UNINITIALIZED_AUTOS = YES_AGGRESSIVE;
				GCC_WARN_UNUSED_FUNCTION = YES;
				GCC_WARN_UNUSED_VARIABLE = YES;
				IPHONEOS_DEPLOYMENT_TARGET = 12.2;
				MTL_ENABLE_DEBUG_INFO = NO;
				MTL_FAST_MATH = YES;
				SDKROOT = iphoneos;
				SWIFT_COMPILATION_MODE = wholemodule;
				SWIFT_OPTIMIZATION_LEVEL = "-O";
				VALIDATE_PRODUCT = YES;
			};
			name = Release;
		};
		3701C58822CCC53E005573EE /* Debug */ = {
			isa = XCBuildConfiguration;
			buildSettings = {
				ASSETCATALOG_COMPILER_APPICON_NAME = AppIcon;
				CODE_SIGN_STYLE = Automatic;
				DEVELOPMENT_TEAM = ZUW86L9VM2;
				INFOPLIST_FILE = SlideshowApp/Info.plist;
				LD_RUNPATH_SEARCH_PATHS = (
					"$(inherited)",
					"@executable_path/Frameworks",
				);
				PRODUCT_BUNDLE_IDENTIFIER = jp.techacademy.yotaro.aranami.SlideshowApp;
				PRODUCT_NAME = "$(TARGET_NAME)";
				SWIFT_VERSION = 5.0;
				TARGETED_DEVICE_FAMILY = "1,2";
			};
			name = Debug;
		};
		3701C58922CCC53E005573EE /* Release */ = {
			isa = XCBuildConfiguration;
			buildSettings = {
				ASSETCATALOG_COMPILER_APPICON_NAME = AppIcon;
				CODE_SIGN_STYLE = Automatic;
				DEVELOPMENT_TEAM = ZUW86L9VM2;
				INFOPLIST_FILE = SlideshowApp/Info.plist;
				LD_RUNPATH_SEARCH_PATHS = (
					"$(inherited)",
					"@executable_path/Frameworks",
				);
				PRODUCT_BUNDLE_IDENTIFIER = jp.techacademy.yotaro.aranami.SlideshowApp;
				PRODUCT_NAME = "$(TARGET_NAME)";
				SWIFT_VERSION = 5.0;
				TARGETED_DEVICE_FAMILY = "1,2";
			};
			name = Release;
		};
/* End XCBuildConfiguration section */

/* Begin XCConfigurationList section */
		3701C57022CCC53C005573EE /* Build configuration list for PBXProject "SlideshowApp" */ = {
			isa = XCConfigurationList;
			buildConfigurations = (
				3701C58522CCC53E005573EE /* Debug */,
				3701C58622CCC53E005573EE /* Release */,
			);
			defaultConfigurationIsVisible = 0;
			defaultConfigurationName = Release;
		};
		3701C58722CCC53E005573EE /* Build configuration list for PBXNativeTarget "SlideshowApp" */ = {
			isa = XCConfigurationList;
			buildConfigurations = (
				3701C58822CCC53E005573EE /* Debug */,
				3701C58922CCC53E005573EE /* Release */,
			);
			defaultConfigurationIsVisible = 0;
			defaultConfigurationName = Release;
		};
/* End XCConfigurationList section */
	};
	rootObject = 3701C56D22CCC53C005573EE /* Project object */;
}
